
Microsoft Visual Studio Solution File, Format Version 12.00
# Visual Studio Version 17
VisualStudioVersion = 17.9.34714.143
MinimumVisualStudioVersion = 10.0.40219.1
Project("{E24C65DC-7377-472B-9ABA-BC803B73C61A}") = "AuthenticationWithRSAMD5", ".", "{B635B238-03B7-4D53-95D6-1960B9522ED3}"
	ProjectSection(WebsiteProperties) = preProject
		TargetFrameworkMoniker = ".NETFramework,Version%3Dv4.7.2"
		Debug.AspNetCompiler.VirtualPath = "/localhost_51910"
		Debug.AspNetCompiler.PhysicalPath = "..\AuthenticationWithRSAMD5\"
		Debug.AspNetCompiler.TargetPath = "PrecompiledWeb\localhost_51910\"
		Debug.AspNetCompiler.Updateable = "true"
		Debug.AspNetCompiler.ForceOverwrite = "true"
		Debug.AspNetCompiler.FixedNames = "false"
		Debug.AspNetCompiler.Debug = "True"
		Release.AspNetCompiler.VirtualPath = "/localhost_51910"
		Release.AspNetCompiler.PhysicalPath = "..\AuthenticationWithRSAMD5\"
		Release.AspNetCompiler.TargetPath = "PrecompiledWeb\localhost_51910\"
		Release.AspNetCompiler.Updateable = "true"
		Release.AspNetCompiler.ForceOverwrite = "true"
		Release.AspNetCompiler.FixedNames = "false"
		Release.AspNetCompiler.Debug = "False"
		VWDPort = "51910"
		SlnRelativePath = "..\AuthenticationWithRSAMD5\"
		DefaultWebSiteLanguage = "Visual C#"
	EndProjectSection
EndProject
Global
	GlobalSection(SolutionConfigurationPlatforms) = preSolution
		Debug|Any CPU = Debug|Any CPU
	EndGlobalSection
	GlobalSection(ProjectConfigurationPlatforms) = postSolution
		{B635B238-03B7-4D53-95D6-1960B9522ED3}.Debug|Any CPU.ActiveCfg = Debug|Any CPU
		{B635B238-03B7-4D53-95D6-1960B9522ED3}.Debug|Any CPU.Build.0 = Debug|Any CPU
	EndGlobalSection
	GlobalSection(SolutionProperties) = preSolution
		HideSolutionNode = FALSE
	EndGlobalSection
	GlobalSection(ExtensibilityGlobals) = postSolution
		SolutionGuid = {65B61755-51AF-4721-9168-527DE9963E78}
	EndGlobalSection
EndGlobal
